
Microsoft Visual Studio Solution File, Format Version 12.00
# Visual Studio Version 17
VisualStudioVersion = 17.0.31611.283
MinimumVisualStudioVersion = 10.0.40219.1
Project("{9A19103F-16F7-4668-BE54-9A1E7A4F7556}") = "TripPlanner.App", "TripPlanner.App.csproj", "{3FACC87F-CD10-45CF-BD32-DE808C6A8907}"
	ProjectSection(ProjectDependencies) = postProject
		{C1CF6F67-9B87-45D7-8B34-ADDE0EFDEE2B} = {C1CF6F67-9B87-45D7-8B34-ADDE0EFDEE2B}
	EndProjectSection
EndProject
Project("{9A19103F-16F7-4668-BE54-9A1E7A4F7556}") = "TripPlanner.WebAPI", "..\TripPlanner.WebAPI\TripPlanner.WebAPI.csproj", "{E977911D-FBAC-4021-BEF3-52B293DCE1FA}"
	ProjectSection(ProjectDependencies) = postProject
		{C1CF6F67-9B87-45D7-8B34-ADDE0EFDEE2B} = {C1CF6F67-9B87-45D7-8B34-ADDE0EFDEE2B}
		{FD377025-76EF-4E8F-AF1E-BD52738856F8} = {FD377025-76EF-4E8F-AF1E-BD52738856F8}
	EndProjectSection
EndProject
Project("{9A19103F-16F7-4668-BE54-9A1E7A4F7556}") = "TripPlanner.Models", "..\TripPlanner.Models\TripPlanner.Models.csproj", "{C1CF6F67-9B87-45D7-8B34-ADDE0EFDEE2B}"
EndProject
Project("{9A19103F-16F7-4668-BE54-9A1E7A4F7556}") = "TripPlanner.DataAccess", "..\TripPlanner.DataAccess\TripPlanner.DataAccess.csproj", "{321ED22F-034B-44D9-97B1-3FFE7C2B74D7}"
	ProjectSection(ProjectDependencies) = postProject
		{C1CF6F67-9B87-45D7-8B34-ADDE0EFDEE2B} = {C1CF6F67-9B87-45D7-8B34-ADDE0EFDEE2B}
	EndProjectSection
EndProject
Project("{9A19103F-16F7-4668-BE54-9A1E7A4F7556}") = "TripPlanner.Services", "..\TripPlanner.Services\TripPlanner.Services.csproj", "{FD377025-76EF-4E8F-AF1E-BD52738856F8}"
	ProjectSection(ProjectDependencies) = postProject
		{321ED22F-034B-44D9-97B1-3FFE7C2B74D7} = {321ED22F-034B-44D9-97B1-3FFE7C2B74D7}
		{C1CF6F67-9B87-45D7-8B34-ADDE0EFDEE2B} = {C1CF6F67-9B87-45D7-8B34-ADDE0EFDEE2B}
	EndProjectSection
EndProject
Global
	GlobalSection(SolutionConfigurationPlatforms) = preSolution
		Debug|Any CPU = Debug|Any CPU
		Release|Any CPU = Release|Any CPU
	EndGlobalSection
	GlobalSection(ProjectConfigurationPlatforms) = postSolution
		{3FACC87F-CD10-45CF-BD32-DE808C6A8907}.Debug|Any CPU.ActiveCfg = Debug|Any CPU
		{3FACC87F-CD10-45CF-BD32-DE808C6A8907}.Debug|Any CPU.Build.0 = Debug|Any CPU
		{3FACC87F-CD10-45CF-BD32-DE808C6A8907}.Debug|Any CPU.Deploy.0 = Debug|Any CPU
		{3FACC87F-CD10-45CF-BD32-DE808C6A8907}.Release|Any CPU.ActiveCfg = Release|Any CPU
		{3FACC87F-CD10-45CF-BD32-DE808C6A8907}.Release|Any CPU.Build.0 = Release|Any CPU
		{3FACC87F-CD10-45CF-BD32-DE808C6A8907}.Release|Any CPU.Deploy.0 = Release|Any CPU
		{E977911D-FBAC-4021-BEF3-52B293DCE1FA}.Debug|Any CPU.ActiveCfg = Debug|Any CPU
		{E977911D-FBAC-4021-BEF3-52B293DCE1FA}.Debug|Any CPU.Build.0 = Debug|Any CPU
		{E977911D-FBAC-4021-BEF3-52B293DCE1FA}.Release|Any CPU.ActiveCfg = Release|Any CPU
		{E977911D-FBAC-4021-BEF3-52B293DCE1FA}.Release|Any CPU.Build.0 = Release|Any CPU
		{C1CF6F67-9B87-45D7-8B34-ADDE0EFDEE2B}.Debug|Any CPU.ActiveCfg = Debug|Any CPU
		{C1CF6F67-9B87-45D7-8B34-ADDE0EFDEE2B}.Debug|Any CPU.Build.0 = Debug|Any CPU
		{C1CF6F67-9B87-45D7-8B34-ADDE0EFDEE2B}.Release|Any CPU.ActiveCfg = Release|Any CPU
		{C1CF6F67-9B87-45D7-8B34-ADDE0EFDEE2B}.Release|Any CPU.Build.0 = Release|Any CPU
		{321ED22F-034B-44D9-97B1-3FFE7C2B74D7}.Debug|Any CPU.ActiveCfg = Debug|Any CPU
		{321ED22F-034B-44D9-97B1-3FFE7C2B74D7}.Debug|Any CPU.Build.0 = Debug|Any CPU
		{321ED22F-034B-44D9-97B1-3FFE7C2B74D7}.Release|Any CPU.ActiveCfg = Release|Any CPU
		{321ED22F-034B-44D9-97B1-3FFE7C2B74D7}.Release|Any CPU.Build.0 = Release|Any CPU
		{FD377025-76EF-4E8F-AF1E-BD52738856F8}.Debug|Any CPU.ActiveCfg = Debug|Any CPU
		{FD377025-76EF-4E8F-AF1E-BD52738856F8}.Debug|Any CPU.Build.0 = Debug|Any CPU
		{FD377025-76EF-4E8F-AF1E-BD52738856F8}.Release|Any CPU.ActiveCfg = Release|Any CPU
		{FD377025-76EF-4E8F-AF1E-BD52738856F8}.Release|Any CPU.Build.0 = Release|Any CPU
	EndGlobalSection
	GlobalSection(SolutionProperties) = preSolution
		HideSolutionNode = FALSE
	EndGlobalSection
	GlobalSection(ExtensibilityGlobals) = postSolution
		SolutionGuid = {61F7FB11-1E47-470C-91E2-47F8143E1572}
	EndGlobalSection
EndGlobal
